
Microsoft Visual Studio Solution File, Format Version 12.00
# Visual Studio 15
VisualStudioVersion = 15.0.28307.1684
MinimumVisualStudioVersion = 10.0.40219.1
Project("{8BC9CEB8-8B4A-11D0-8D11-00A0C91BC942}") = "p14", "p14\p14.vcxproj", "{8718412F-DD6D-472D-8C40-C890187AD7EA}"
EndProject
Global
	GlobalSection(SolutionConfigurationPlatforms) = preSolution
		Debug|x64 = Debug|x64
		Debug|x86 = Debug|x86
		Release|x64 = Release|x64
		Release|x86 = Release|x86
	EndGlobalSection
	GlobalSection(ProjectConfigurationPlatforms) = postSolution
		{8718412F-DD6D-472D-8C40-C890187AD7EA}.Debug|x64.ActiveCfg = Debug|x64
		{8718412F-DD6D-472D-8C40-C890187AD7EA}.Debug|x64.Build.0 = Debug|x64
		{8718412F-DD6D-472D-8C40-C890187AD7EA}.Debug|x86.ActiveCfg = Debug|Win32
		{8718412F-DD6D-472D-8C40-C890187AD7EA}.Debug|x86.Build.0 = Debug|Win32
		{8718412F-DD6D-472D-8C40-C890187AD7EA}.Release|x64.ActiveCfg = Release|x64
		{8718412F-DD6D-472D-8C40-C890187AD7EA}.Release|x64.Build.0 = Release|x64
		{8718412F-DD6D-472D-8C40-C890187AD7EA}.Release|x86.ActiveCfg = Release|Win32
		{8718412F-DD6D-472D-8C40-C890187AD7EA}.Release|x86.Build.0 = Release|Win32
	EndGlobalSection
	GlobalSection(SolutionProperties) = preSolution
		HideSolutionNode = FALSE
	EndGlobalSection
	GlobalSection(ExtensibilityGlobals) = postSolution
		SolutionGuid = {5B633188-3F8F-41F6-8A81-FB7C98947118}
	EndGlobalSection
EndGlobal
