
Microsoft Visual Studio Solution File, Format Version 12.00
# Visual Studio 15
VisualStudioVersion = 15.0.28307.1684
MinimumVisualStudioVersion = 10.0.40219.1
Project("{8BC9CEB8-8B4A-11D0-8D11-00A0C91BC942}") = "p06", "p06\p06.vcxproj", "{B13C2F48-C6E8-4565-A8B8-EFC3A4014694}"
EndProject
Global
	GlobalSection(SolutionConfigurationPlatforms) = preSolution
		Debug|x64 = Debug|x64
		Debug|x86 = Debug|x86
		Release|x64 = Release|x64
		Release|x86 = Release|x86
	EndGlobalSection
	GlobalSection(ProjectConfigurationPlatforms) = postSolution
		{B13C2F48-C6E8-4565-A8B8-EFC3A4014694}.Debug|x64.ActiveCfg = Debug|x64
		{B13C2F48-C6E8-4565-A8B8-EFC3A4014694}.Debug|x64.Build.0 = Debug|x64
		{B13C2F48-C6E8-4565-A8B8-EFC3A4014694}.Debug|x86.ActiveCfg = Debug|Win32
		{B13C2F48-C6E8-4565-A8B8-EFC3A4014694}.Debug|x86.Build.0 = Debug|Win32
		{B13C2F48-C6E8-4565-A8B8-EFC3A4014694}.Release|x64.ActiveCfg = Release|x64
		{B13C2F48-C6E8-4565-A8B8-EFC3A4014694}.Release|x64.Build.0 = Release|x64
		{B13C2F48-C6E8-4565-A8B8-EFC3A4014694}.Release|x86.ActiveCfg = Release|Win32
		{B13C2F48-C6E8-4565-A8B8-EFC3A4014694}.Release|x86.Build.0 = Release|Win32
	EndGlobalSection
	GlobalSection(SolutionProperties) = preSolution
		HideSolutionNode = FALSE
	EndGlobalSection
	GlobalSection(ExtensibilityGlobals) = postSolution
		SolutionGuid = {E4981021-A79E-42B2-A454-C6EB2D624D5C}
	EndGlobalSection
EndGlobal
